
Microsoft Visual Studio Solution File, Format Version 12.00
# Visual Studio Version 17
VisualStudioVersion = 17.2.32516.85
MinimumVisualStudioVersion = 10.0.40219.1
Project("{9A19103F-16F7-4668-BE54-9A1E7A4F7556}") = "InterRazor", "InterRazor\InterRazor.csproj", "{CAD3151A-7DCC-4E76-8713-9E7B1000D122}"
EndProject
Global
	GlobalSection(SolutionConfigurationPlatforms) = preSolution
		Debug|Any CPU = Debug|Any CPU
		Release|Any CPU = Release|Any CPU
	EndGlobalSection
	GlobalSection(ProjectConfigurationPlatforms) = postSolution
		{CAD3151A-7DCC-4E76-8713-9E7B1000D122}.Debug|Any CPU.ActiveCfg = Debug|Any CPU
		{CAD3151A-7DCC-4E76-8713-9E7B1000D122}.Debug|Any CPU.Build.0 = Debug|Any CPU
		{CAD3151A-7DCC-4E76-8713-9E7B1000D122}.Release|Any CPU.ActiveCfg = Release|Any CPU
		{CAD3151A-7DCC-4E76-8713-9E7B1000D122}.Release|Any CPU.Build.0 = Release|Any CPU
	EndGlobalSection
	GlobalSection(SolutionProperties) = preSolution
		HideSolutionNode = FALSE
	EndGlobalSection
	GlobalSection(ExtensibilityGlobals) = postSolution
		SolutionGuid = {65D89DF1-9ABB-453B-9A02-DC552E0C27E8}
	EndGlobalSection
EndGlobal
